
Microsoft Visual Studio Solution File, Format Version 12.00
# Visual Studio Version 17
VisualStudioVersion = 17.1.32421.90
MinimumVisualStudioVersion = 10.0.40219.1
Project("{9A19103F-16F7-4668-BE54-9A1E7A4F7556}") = "WpfApplication", "WpfApplication\WpfApplication.csproj", "{12F4ED5A-6477-45CF-843B-2A7E3CFD3B31}"
EndProject
Project("{9A19103F-16F7-4668-BE54-9A1E7A4F7556}") = "DapperExtension", "DapperExtension\DapperExtension\DapperExtension.csproj", "{A90083C5-B80F-4CAE-9282-4BE0792920A5}"
EndProject
Project("{9A19103F-16F7-4668-BE54-9A1E7A4F7556}") = "ExcelLikeDataGrid", "ExcelLikeDataGrid\ExcelLikeDataGrid\ExcelLikeDataGrid.csproj", "{02A5430A-D021-49E4-9E28-4F7E774D2F66}"
EndProject
Project("{9A19103F-16F7-4668-BE54-9A1E7A4F7556}") = "SplitButton", "SplitButton\SplitButton\SplitButton.csproj", "{4B4EC2E5-531D-4622-862A-727042983B3C}"
EndProject
Global
	GlobalSection(SolutionConfigurationPlatforms) = preSolution
		Debug|Any CPU = Debug|Any CPU
		Release|Any CPU = Release|Any CPU
	EndGlobalSection
	GlobalSection(ProjectConfigurationPlatforms) = postSolution
		{12F4ED5A-6477-45CF-843B-2A7E3CFD3B31}.Debug|Any CPU.ActiveCfg = Debug|Any CPU
		{12F4ED5A-6477-45CF-843B-2A7E3CFD3B31}.Debug|Any CPU.Build.0 = Debug|Any CPU
		{12F4ED5A-6477-45CF-843B-2A7E3CFD3B31}.Release|Any CPU.ActiveCfg = Release|Any CPU
		{12F4ED5A-6477-45CF-843B-2A7E3CFD3B31}.Release|Any CPU.Build.0 = Release|Any CPU
		{A90083C5-B80F-4CAE-9282-4BE0792920A5}.Debug|Any CPU.ActiveCfg = Debug|Any CPU
		{A90083C5-B80F-4CAE-9282-4BE0792920A5}.Debug|Any CPU.Build.0 = Debug|Any CPU
		{A90083C5-B80F-4CAE-9282-4BE0792920A5}.Release|Any CPU.ActiveCfg = Release|Any CPU
		{A90083C5-B80F-4CAE-9282-4BE0792920A5}.Release|Any CPU.Build.0 = Release|Any CPU
		{02A5430A-D021-49E4-9E28-4F7E774D2F66}.Debug|Any CPU.ActiveCfg = Debug|Any CPU
		{02A5430A-D021-49E4-9E28-4F7E774D2F66}.Debug|Any CPU.Build.0 = Debug|Any CPU
		{02A5430A-D021-49E4-9E28-4F7E774D2F66}.Release|Any CPU.ActiveCfg = Release|Any CPU
		{02A5430A-D021-49E4-9E28-4F7E774D2F66}.Release|Any CPU.Build.0 = Release|Any CPU
		{4B4EC2E5-531D-4622-862A-727042983B3C}.Debug|Any CPU.ActiveCfg = Debug|Any CPU
		{4B4EC2E5-531D-4622-862A-727042983B3C}.Debug|Any CPU.Build.0 = Debug|Any CPU
		{4B4EC2E5-531D-4622-862A-727042983B3C}.Release|Any CPU.ActiveCfg = Release|Any CPU
		{4B4EC2E5-531D-4622-862A-727042983B3C}.Release|Any CPU.Build.0 = Release|Any CPU
	EndGlobalSection
	GlobalSection(SolutionProperties) = preSolution
		HideSolutionNode = FALSE
	EndGlobalSection
	GlobalSection(ExtensibilityGlobals) = postSolution
		SolutionGuid = {9835F2E8-DE7B-4842-B249-AD75C46B9ED5}
	EndGlobalSection
EndGlobal
